
Microsoft Visual Studio Solution File, Format Version 12.00
Project("{FAE04EC0-301F-11D3-BF4B-00C04F79EFBC}") = "Exercise 1 - Control Flow", "Exercise 1 - Control Flow\Exercise 1 - Control Flow.csproj", "{AA8A2FF3-3195-467F-94BE-6FFF43F2E623}"
EndProject
Project("{FAE04EC0-301F-11D3-BF4B-00C04F79EFBC}") = "Exercise 2 - Loops", "Exercise 2 - Loops\Exercise 2 - Loops.csproj", "{11A1B25D-CA40-4153-97EC-1B5046D78CFC}"
EndProject
Project("{FAE04EC0-301F-11D3-BF4B-00C04F79EFBC}") = "Exercise 3 - Arrays and Lists", "Exercise 3 - Arrays and Lists\Exercise 3 - Arrays and Lists.csproj", "{8BDF19C4-16FF-452F-984C-7BF9BA31C6CE}"
EndProject
Project("{FAE04EC0-301F-11D3-BF4B-00C04F79EFBC}") = "Exercise 4 - String and StringBuilder", "Exercise 4 - String and StringBuilder\Exercise 4 - String and StringBuilder.csproj", "{74C68E57-7498-4BA3-B473-644EB0F3745C}"
EndProject
Project("{FAE04EC0-301F-11D3-BF4B-00C04F79EFBC}") = "Exercise 5 - Files", "Exercise 5 - Files\Exercise 5 - Files.csproj", "{3EE8723A-FEF4-491D-80EB-A04041EE4837}"
EndProject
Global
	GlobalSection(SolutionConfigurationPlatforms) = preSolution
		Debug|Any CPU = Debug|Any CPU
		Release|Any CPU = Release|Any CPU
	EndGlobalSection
	GlobalSection(ProjectConfigurationPlatforms) = postSolution
		{AA8A2FF3-3195-467F-94BE-6FFF43F2E623}.Debug|Any CPU.ActiveCfg = Debug|Any CPU
		{AA8A2FF3-3195-467F-94BE-6FFF43F2E623}.Debug|Any CPU.Build.0 = Debug|Any CPU
		{AA8A2FF3-3195-467F-94BE-6FFF43F2E623}.Release|Any CPU.ActiveCfg = Release|Any CPU
		{AA8A2FF3-3195-467F-94BE-6FFF43F2E623}.Release|Any CPU.Build.0 = Release|Any CPU
		{11A1B25D-CA40-4153-97EC-1B5046D78CFC}.Debug|Any CPU.ActiveCfg = Debug|Any CPU
		{11A1B25D-CA40-4153-97EC-1B5046D78CFC}.Debug|Any CPU.Build.0 = Debug|Any CPU
		{11A1B25D-CA40-4153-97EC-1B5046D78CFC}.Release|Any CPU.ActiveCfg = Release|Any CPU
		{11A1B25D-CA40-4153-97EC-1B5046D78CFC}.Release|Any CPU.Build.0 = Release|Any CPU
		{8BDF19C4-16FF-452F-984C-7BF9BA31C6CE}.Debug|Any CPU.ActiveCfg = Debug|Any CPU
		{8BDF19C4-16FF-452F-984C-7BF9BA31C6CE}.Debug|Any CPU.Build.0 = Debug|Any CPU
		{8BDF19C4-16FF-452F-984C-7BF9BA31C6CE}.Release|Any CPU.ActiveCfg = Release|Any CPU
		{8BDF19C4-16FF-452F-984C-7BF9BA31C6CE}.Release|Any CPU.Build.0 = Release|Any CPU
		{74C68E57-7498-4BA3-B473-644EB0F3745C}.Debug|Any CPU.ActiveCfg = Debug|Any CPU
		{74C68E57-7498-4BA3-B473-644EB0F3745C}.Debug|Any CPU.Build.0 = Debug|Any CPU
		{74C68E57-7498-4BA3-B473-644EB0F3745C}.Release|Any CPU.ActiveCfg = Release|Any CPU
		{74C68E57-7498-4BA3-B473-644EB0F3745C}.Release|Any CPU.Build.0 = Release|Any CPU
		{3EE8723A-FEF4-491D-80EB-A04041EE4837}.Debug|Any CPU.ActiveCfg = Debug|Any CPU
		{3EE8723A-FEF4-491D-80EB-A04041EE4837}.Debug|Any CPU.Build.0 = Debug|Any CPU
		{3EE8723A-FEF4-491D-80EB-A04041EE4837}.Release|Any CPU.ActiveCfg = Release|Any CPU
		{3EE8723A-FEF4-491D-80EB-A04041EE4837}.Release|Any CPU.Build.0 = Release|Any CPU
	EndGlobalSection
EndGlobal
